
Microsoft Visual Studio Solution File, Format Version 12.00
# Visual Studio Version 16
VisualStudioVersion = 16.0.31702.278
MinimumVisualStudioVersion = 10.0.40219.1
Project("{FAE04EC0-301F-11D3-BF4B-00C04F79EFBC}") = "CUAHANGBANDODA", "CUAHANGBANDODA\CUAHANGBANDODA.csproj", "{E5798AC6-150C-4911-871A-C9E93AF3B5E3}"
EndProject
Global
	GlobalSection(SolutionConfigurationPlatforms) = preSolution
		Debug|Any CPU = Debug|Any CPU
		Release|Any CPU = Release|Any CPU
	EndGlobalSection
	GlobalSection(ProjectConfigurationPlatforms) = postSolution
		{E5798AC6-150C-4911-871A-C9E93AF3B5E3}.Debug|Any CPU.ActiveCfg = Debug|Any CPU
		{E5798AC6-150C-4911-871A-C9E93AF3B5E3}.Debug|Any CPU.Build.0 = Debug|Any CPU
		{E5798AC6-150C-4911-871A-C9E93AF3B5E3}.Release|Any CPU.ActiveCfg = Release|Any CPU
		{E5798AC6-150C-4911-871A-C9E93AF3B5E3}.Release|Any CPU.Build.0 = Release|Any CPU
	EndGlobalSection
	GlobalSection(SolutionProperties) = preSolution
		HideSolutionNode = FALSE
	EndGlobalSection
	GlobalSection(ExtensibilityGlobals) = postSolution
		SolutionGuid = {988717C7-3F6F-4C51-A348-E1EDA78C5B87}
	EndGlobalSection
EndGlobal
